// !$*UTF8*$!
{
	archiveVersion = 1;
	classes = {
	};
	objectVersion = 48;
	objects = {

/* Begin PBXBuildFile section */
		3D7158AF1FF960E3000DC0F4 /* AppDelegate.m in Sources */ = {isa = PBXBuildFile; fileRef = 3D7158AE1FF960E3000DC0F4 /* AppDelegate.m */; };
		3D7158B21FF960E3000DC0F4 /* ViewController.m in Sources */ = {isa = PBXBuildFile; fileRef = 3D7158B11FF960E3000DC0F4 /* ViewController.m */; };
		3D7158B51FF960E3000DC0F4 /* Main.storyboard in Resources */ = {isa = PBXBuildFile; fileRef = 3D7158B31FF960E3000DC0F4 /* Main.storyboard */; };
		3D7158B71FF960E3000DC0F4 /* Assets.xcassets in Resources */ = {isa = PBXBuildFile; fileRef = 3D7158B61FF960E3000DC0F4 /* Assets.xcassets */; };
		3D7158BA1FF960E3000DC0F4 /* LaunchScreen.storyboard in Resources */ = {isa = PBXBuildFile; fileRef = 3D7158B81FF960E3000DC0F4 /* LaunchScreen.storyboard */; };
		3D7158BD1FF960E3000DC0F4 /* main.m in Sources */ = {isa = PBXBuildFile; fileRef = 3D7158BC1FF960E3000DC0F4 /* main.m */; };
		3D7158C41FF960FF000DC0F4 /* WJTabBarController.storyboard in Resources */ = {isa = PBXBuildFile; fileRef = 3D7158C31FF960FF000DC0F4 /* WJTabBarController.storyboard */; };
		3D7158C71FF9619C000DC0F4 /* WJTabBar.m in Sources */ = {isa = PBXBuildFile; fileRef = 3D7158C61FF9619C000DC0F4 /* WJTabBar.m */; };
/* End PBXBuildFile section */

/* Begin PBXFileReference section */
		3D7158AA1FF960E3000DC0F4 /* WJViewControllerTest.app */ = {isa = PBXFileReference; explicitFileType = wrapper.application; includeInIndex = 0; path = WJViewControllerTest.app; sourceTree = BUILT_PRODUCTS_DIR; };
		3D7158AD1FF960E3000DC0F4 /* AppDelegate.h */ = {isa = PBXFileReference; lastKnownFileType = sourcecode.c.h; path = AppDelegate.h; sourceTree = "<group>"; };
		3D7158AE1FF960E3000DC0F4 /* AppDelegate.m */ = {isa = PBXFileReference; lastKnownFileType = sourcecode.c.objc; path = AppDelegate.m; sourceTree = "<group>"; };
		3D7158B01FF960E3000DC0F4 /* ViewController.h */ = {isa = PBXFileReference; lastKnownFileType = sourcecode.c.h; path = ViewController.h; sourceTree = "<group>"; };
		3D7158B11FF960E3000DC0F4 /* ViewController.m */ = {isa = PBXFileReference; lastKnownFileType = sourcecode.c.objc; path = ViewController.m; sourceTree = "<group>"; };
		3D7158B41FF960E3000DC0F4 /* Base */ = {isa = PBXFileReference; lastKnownFileType = file.storyboard; name = Base; path = Base.lproj/Main.storyboard; sourceTree = "<group>"; };
		3D7158B61FF960E3000DC0F4 /* Assets.xcassets */ = {isa = PBXFileReference; lastKnownFileType = folder.assetcatalog; path = Assets.xcassets; sourceTree = "<group>"; };
		3D7158B91FF960E3000DC0F4 /* Base */ = {isa = PBXFileReference; lastKnownFileType = file.storyboard; name = Base; path = Base.lproj/LaunchScreen.storyboard; sourceTree = "<group>"; };
		3D7158BB1FF960E3000DC0F4 /* Info.plist */ = {isa = PBXFileReference; lastKnownFileType = text.plist.xml; path = Info.plist; sourceTree = "<group>"; };
		3D7158BC1FF960E3000DC0F4 /* main.m */ = {isa = PBXFileReference; lastKnownFileType = sourcecode.c.objc; path = main.m; sourceTree = "<group>"; };
		3D7158C31FF960FF000DC0F4 /* WJTabBarController.storyboard */ = {isa = PBXFileReference; lastKnownFileType = file.storyboard; path = WJTabBarController.storyboard; sourceTree = "<group>"; };
		3D7158C51FF9619C000DC0F4 /* WJTabBar.h */ = {isa = PBXFileReference; lastKnownFileType = sourcecode.c.h; path = WJTabBar.h; sourceTree = "<group>"; };
		3D7158C61FF9619C000DC0F4 /* WJTabBar.m */ = {isa = PBXFileReference; lastKnownFileType = sourcecode.c.objc; path = WJTabBar.m; sourceTree = "<group>"; };
/* End PBXFileReference section */

/* Begin PBXFrameworksBuildPhase section */
		3D7158A71FF960E3000DC0F4 /* Frameworks */ = {
			isa = PBXFrameworksBuildPhase;
			buildActionMask = 2147483647;
			files = (
			);
			runOnlyForDeploymentPostprocessing = 0;
		};
/* End PBXFrameworksBuildPhase section */

/* Begin PBXGroup section */
		3D7158A11FF960E3000DC0F4 = {
			isa = PBXGroup;
			children = (
				3D7158AC1FF960E3000DC0F4 /* WJViewControllerTest */,
				3D7158AB1FF960E3000DC0F4 /* Products */,
			);
			sourceTree = "<group>";
		};
		3D7158AB1FF960E3000DC0F4 /* Products */ = {
			isa = PBXGroup;
			children = (
				3D7158AA1FF960E3000DC0F4 /* WJViewControllerTest.app */,
			);
			name = Products;
			sourceTree = "<group>";
		};
		3D7158AC1FF960E3000DC0F4 /* WJViewControllerTest */ = {
			isa = PBXGroup;
			children = (
				3D7158AD1FF960E3000DC0F4 /* AppDelegate.h */,
				3D7158AE1FF960E3000DC0F4 /* AppDelegate.m */,
				3D7158B01FF960E3000DC0F4 /* ViewController.h */,
				3D7158B11FF960E3000DC0F4 /* ViewController.m */,
				3D7158B31FF960E3000DC0F4 /* Main.storyboard */,
				3D7158B61FF960E3000DC0F4 /* Assets.xcassets */,
				3D7158B81FF960E3000DC0F4 /* LaunchScreen.storyboard */,
				3D7158BB1FF960E3000DC0F4 /* Info.plist */,
				3D7158BC1FF960E3000DC0F4 /* main.m */,
				3D7158C31FF960FF000DC0F4 /* WJTabBarController.storyboard */,
				3D7158C51FF9619C000DC0F4 /* WJTabBar.h */,
				3D7158C61FF9619C000DC0F4 /* WJTabBar.m */,
			);
			path = WJViewControllerTest;
			sourceTree = "<group>";
		};
/* End PBXGroup section */

/* Begin PBXNativeTarget section */
		3D7158A91FF960E3000DC0F4 /* WJViewControllerTest */ = {
			isa = PBXNativeTarget;
			buildConfigurationList = 3D7158C01FF960E3000DC0F4 /* Build configuration list for PBXNativeTarget "WJViewControllerTest" */;
			buildPhases = (
				3D7158A61FF960E3000DC0F4 /* Sources */,
				3D7158A71FF960E3000DC0F4 /* Frameworks */,
				3D7158A81FF960E3000DC0F4 /* Resources */,
			);
			buildRules = (
			);
			dependencies = (
			);
			name = WJViewControllerTest;
			productName = WJViewControllerTest;
			productReference = 3D7158AA1FF960E3000DC0F4 /* WJViewControllerTest.app */;
			productType = "com.apple.product-type.application";
		};
/* End PBXNativeTarget section */

/* Begin PBXProject section */
		3D7158A21FF960E3000DC0F4 /* Project object */ = {
			isa = PBXProject;
			attributes = {
				LastUpgradeCheck = 0920;
				ORGANIZATIONNAME = "William Jockusch";
				TargetAttributes = {
					3D7158A91FF960E3000DC0F4 = {
						CreatedOnToolsVersion = 9.2;
						ProvisioningStyle = Automatic;
					};
				};
			};
			buildConfigurationList = 3D7158A51FF960E3000DC0F4 /* Build configuration list for PBXProject "WJViewControllerTest" */;
			compatibilityVersion = "Xcode 8.0";
			developmentRegion = en;
			hasScannedForEncodings = 0;
			knownRegions = (
				en,
				Base,
			);
			mainGroup = 3D7158A11FF960E3000DC0F4;
			productRefGroup = 3D7158AB1FF960E3000DC0F4 /* Products */;
			projectDirPath = "";
			projectRoot = "";
			targets = (
				3D7158A91FF960E3000DC0F4 /* WJViewControllerTest */,
			);
		};
/* End PBXProject section */

/* Begin PBXResourcesBuildPhase section */
		3D7158A81FF960E3000DC0F4 /* Resources */ = {
			isa = PBXResourcesBuildPhase;
			buildActionMask = 2147483647;
			files = (
				3D7158BA1FF960E3000DC0F4 /* LaunchScreen.storyboard in Resources */,
				3D7158B71FF960E3000DC0F4 /* Assets.xcassets in Resources */,
				3D7158C41FF960FF000DC0F4 /* WJTabBarController.storyboard in Resources */,
				3D7158B51FF960E3000DC0F4 /* Main.storyboard in Resources */,
			);
			runOnlyForDeploymentPostprocessing = 0;
		};
/* End PBXResourcesBuildPhase section */

/* Begin PBXSourcesBuildPhase section */
		3D7158A61FF960E3000DC0F4 /* Sources */ = {
			isa = PBXSourcesBuildPhase;
			buildActionMask = 2147483647;
			files = (
				3D7158B21FF960E3000DC0F4 /* ViewController.m in Sources */,
				3D7158BD1FF960E3000DC0F4 /* main.m in Sources */,
				3D7158C71FF9619C000DC0F4 /* WJTabBar.m in Sources */,
				3D7158AF1FF960E3000DC0F4 /* AppDelegate.m in Sources */,
			);
			runOnlyForDeploymentPostprocessing = 0;
		};
/* End PBXSourcesBuildPhase section */

/* Begin PBXVariantGroup section */
		3D7158B31FF960E3000DC0F4 /* Main.storyboard */ = {
			isa = PBXVariantGroup;
			children = (
				3D7158B41FF960E3000DC0F4 /* Base */,
			);
			name = Main.storyboard;
			sourceTree = "<group>";
		};
		3D7158B81FF960E3000DC0F4 /* LaunchScreen.storyboard */ = {
			isa = PBXVariantGroup;
			children = (
				3D7158B91FF960E3000DC0F4 /* Base */,
			);
			name = LaunchScreen.storyboard;
			sourceTree = "<group>";
		};
/* End PBXVariantGroup section */

/* Begin XCBuildConfiguration section */
		3D7158BE1FF960E3000DC0F4 /* Debug */ = {
			isa = XCBuildConfiguration;
			buildSettings = {
				ALWAYS_SEARCH_USER_PATHS = NO;
				CLANG_ANALYZER_NONNULL = YES;
				CLANG_ANALYZER_NUMBER_OBJECT_CONVERSION = YES_AGGRESSIVE;
				CLANG_CXX_LANGUAGE_STANDARD = "gnu++14";
				CLANG_CXX_LIBRARY = "libc++";
				CLANG_ENABLE_MODULES = YES;
				CLANG_ENABLE_OBJC_ARC = YES;
				CLANG_WARN_BLOCK_CAPTURE_AUTORELEASING = YES;
				CLANG_WARN_BOOL_CONVERSION = YES;
				CLANG_WARN_COMMA = YES;
				CLANG_WARN_CONSTANT_CONVERSION = YES;
				CLANG_WARN_DIRECT_OBJC_ISA_USAGE = YES_ERROR;
				CLANG_WARN_DOCUMENTATION_COMMENTS = YES;
				CLANG_WARN_EMPTY_BODY = YES;
				CLANG_WARN_ENUM_CONVERSION = YES;
				CLANG_WARN_INFINITE_RECURSION = YES;
				CLANG_WARN_INT_CONVERSION = YES;
				CLANG_WARN_NON_LITERAL_NULL_CONVERSION = YES;
				CLANG_WARN_OBJC_LITERAL_CONVERSION = YES;
				CLANG_WARN_OBJC_ROOT_CLASS = YES_ERROR;
				CLANG_WARN_RANGE_LOOP_ANALYSIS = YES;
				CLANG_WARN_STRICT_PROTOTYPES = YES;
				CLANG_WARN_SUSPICIOUS_MOVE = YES;
				CLANG_WARN_UNGUARDED_AVAILABILITY = YES_AGGRESSIVE;
				CLANG_WARN_UNREACHABLE_CODE = YES;
				CLANG_WARN__DUPLICATE_METHOD_MATCH = YES;
				CODE_SIGN_IDENTITY = "iPhone Developer";
				COPY_PHASE_STRIP = NO;
				DEBUG_INFORMATION_FORMAT = dwarf;
				ENABLE_STRICT_OBJC_MSGSEND = YES;
				ENABLE_TESTABILITY = YES;
				GCC_C_LANGUAGE_STANDARD = gnu11;
				GCC_DYNAMIC_NO_PIC = NO;
				GCC_NO_COMMON_BLOCKS = YES;
				GCC_OPTIMIZATION_LEVEL = 0;
				GCC_PREPROCESSOR_DEFINITIONS = (
					"DEBUG=1",
					"$(inherited)",
				);
				GCC_WARN_64_TO_32_BIT_CONVERSION = YES;
				GCC_WARN_ABOUT_RETURN_TYPE = YES_ERROR;
				GCC_WARN_UNDECLARED_SELECTOR = YES;
				GCC_WARN_UNINITIALIZED_AUTOS = YES_AGGRESSIVE;
				GCC_WARN_UNUSED_FUNCTION = YES;
				GCC_WARN_UNUSED_VARIABLE = YES;
				IPHONEOS_DEPLOYMENT_TARGET = 11.2;
				MTL_ENABLE_DEBUG_INFO = YES;
				ONLY_ACTIVE_ARCH = YES;
				SDKROOT = iphoneos;
			};
			name = Debug;
		};
		3D7158BF1FF960E3000DC0F4 /* Release */ = {
			isa = XCBuildConfiguration;
			buildSettings = {
				ALWAYS_SEARCH_USER_PATHS = NO;
				CLANG_ANALYZER_NONNULL = YES;
				CLANG_ANALYZER_NUMBER_OBJECT_CONVERSION = YES_AGGRESSIVE;
				CLANG_CXX_LANGUAGE_STANDARD = "gnu++14";
				CLANG_CXX_LIBRARY = "libc++";
				CLANG_ENABLE_MODULES = YES;
				CLANG_ENABLE_OBJC_ARC = YES;
				CLANG_WARN_BLOCK_CAPTURE_AUTORELEASING = YES;
				CLANG_WARN_BOOL_CONVERSION = YES;
				CLANG_WARN_COMMA = YES;
				CLANG_WARN_CONSTANT_CONVERSION = YES;
				CLANG_WARN_DIRECT_OBJC_ISA_USAGE = YES_ERROR;
				CLANG_WARN_DOCUMENTATION_COMMENTS = YES;
				CLANG_WARN_EMPTY_BODY = YES;
				CLANG_WARN_ENUM_CONVERSION = YES;
				CLANG_WARN_INFINITE_RECURSION = YES;
				CLANG_WARN_INT_CONVERSION = YES;
				CLANG_WARN_NON_LITERAL_NULL_CONVERSION = YES;
				CLANG_WARN_OBJC_LITERAL_CONVERSION = YES;
				CLANG_WARN_OBJC_ROOT_CLASS = YES_ERROR;
				CLANG_WARN_RANGE_LOOP_ANALYSIS = YES;
				CLANG_WARN_STRICT_PROTOTYPES = YES;
				CLANG_WARN_SUSPICIOUS_MOVE = YES;
				CLANG_WARN_UNGUARDED_AVAILABILITY = YES_AGGRESSIVE;
				CLANG_WARN_UNREACHABLE_CODE = YES;
				CLANG_WARN__DUPLICATE_METHOD_MATCH = YES;
				CODE_SIGN_IDENTITY = "iPhone Developer";
				COPY_PHASE_STRIP = NO;
				DEBUG_INFORMATION_FORMAT = "dwarf-with-dsym";
				ENABLE_NS_ASSERTIONS = NO;
				ENABLE_STRICT_OBJC_MSGSEND = YES;
				GCC_C_LANGUAGE_STANDARD = gnu11;
				GCC_NO_COMMON_BLOCKS = YES;
				GCC_WARN_64_TO_32_BIT_CONVERSION = YES;
				GCC_WARN_ABOUT_RETURN_TYPE = YES_ERROR;
				GCC_WARN_UNDECLARED_SELECTOR = YES;
				GCC_WARN_UNINITIALIZED_AUTOS = YES_AGGRESSIVE;
				GCC_WARN_UNUSED_FUNCTION = YES;
				GCC_WARN_UNUSED_VARIABLE = YES;
				IPHONEOS_DEPLOYMENT_TARGET = 11.2;
				MTL_ENABLE_DEBUG_INFO = NO;
				SDKROOT = iphoneos;
				VALIDATE_PRODUCT = YES;
			};
			name = Release;
		};
		3D7158C11FF960E3000DC0F4 /* Debug */ = {
			isa = XCBuildConfiguration;
			buildSettings = {
				ASSETCATALOG_COMPILER_APPICON_NAME = AppIcon;
				CODE_SIGN_STYLE = Automatic;
				DEVELOPMENT_TEAM = 26P8884ZAM;
				INFOPLIST_FILE = WJViewControllerTest/Info.plist;
				LD_RUNPATH_SEARCH_PATHS = "$(inherited) @executable_path/Frameworks";
				PRODUCT_BUNDLE_IDENTIFIER = WJ.WJViewControllerTest;
				PRODUCT_NAME = "$(TARGET_NAME)";
				TARGETED_DEVICE_FAMILY = "1,2";
			};
			name = Debug;
		};
		3D7158C21FF960E3000DC0F4 /* Release */ = {
			isa = XCBuildConfiguration;
			buildSettings = {
				ASSETCATALOG_COMPILER_APPICON_NAME = AppIcon;
				CODE_SIGN_STYLE = Automatic;
				DEVELOPMENT_TEAM = 26P8884ZAM;
				INFOPLIST_FILE = WJViewControllerTest/Info.plist;
				LD_RUNPATH_SEARCH_PATHS = "$(inherited) @executable_path/Frameworks";
				PRODUCT_BUNDLE_IDENTIFIER = WJ.WJViewControllerTest;
				PRODUCT_NAME = "$(TARGET_NAME)";
				TARGETED_DEVICE_FAMILY = "1,2";
			};
			name = Release;
		};
/* End XCBuildConfiguration section */

/* Begin XCConfigurationList section */
		3D7158A51FF960E3000DC0F4 /* Build configuration list for PBXProject "WJViewControllerTest" */ = {
			isa = XCConfigurationList;
			buildConfigurations = (
				3D7158BE1FF960E3000DC0F4 /* Debug */,
				3D7158BF1FF960E3000DC0F4 /* Release */,
			);
			defaultConfigurationIsVisible = 0;
			defaultConfigurationName = Release;
		};
		3D7158C01FF960E3000DC0F4 /* Build configuration list for PBXNativeTarget "WJViewControllerTest" */ = {
			isa = XCConfigurationList;
			buildConfigurations = (
				3D7158C11FF960E3000DC0F4 /* Debug */,
				3D7158C21FF960E3000DC0F4 /* Release */,
			);
			defaultConfigurationIsVisible = 0;
			defaultConfigurationName = Release;
		};
/* End XCConfigurationList section */
	};
	rootObject = 3D7158A21FF960E3000DC0F4 /* Project object */;
}
